// !$*UTF8*$!
{
	archiveVersion = 1;
	classes = {
	};
	objectVersion = 77;
	objects = {

/* Begin PBXBuildFile section */
		E5CBB7492EB5E89B00AA5996 /* AppDelegate.swift in Sources */ = {isa = PBXBuildFile; fileRef = E5CBB73F2EB5E89B00AA5996 /* AppDelegate.swift */; };
		E5CBB74A2EB5E89B00AA5996 /* SceneDelegate.swift in Sources */ = {isa = PBXBuildFile; fileRef = E5CBB7462EB5E89B00AA5996 /* SceneDelegate.swift */; };
		E5CBB74B2EB5E89B00AA5996 /* ViewController.swift in Sources */ = {isa = PBXBuildFile; fileRef = E5CBB7472EB5E89B00AA5996 /* ViewController.swift */; };
		E5CBB74C2EB5E89B00AA5996 /* Assets.xcassets in Resources */ = {isa = PBXBuildFile; fileRef = E5CBB7402EB5E89B00AA5996 /* Assets.xcassets */; };
		E5CBB74E2EB5E89B00AA5996 /* LaunchScreen.storyboard in Resources */ = {isa = PBXBuildFile; fileRef = E5CBB7432EB5E89B00AA5996 /* LaunchScreen.storyboard */; };
		E5CBB7562EB5EB0E00AA5996 /* UiView+.swift in Sources */ = {isa = PBXBuildFile; fileRef = E5CBB7552EB5EB0E00AA5996 /* UiView+.swift */; };
		E5CBB7592EB5EB5D00AA5996 /* SnapKit in Frameworks */ = {isa = PBXBuildFile; productRef = E5CBB7582EB5EB5D00AA5996 /* SnapKit */; };
		E5CBB75C2EB5EB8D00AA5996 /* Moya in Frameworks */ = {isa = PBXBuildFile; productRef = E5CBB75B2EB5EB8D00AA5996 /* Moya */; };
/* End PBXBuildFile section */

/* Begin PBXFileReference section */
		E5CBB7272EB5E89000AA5996 /* SSUTime.app */ = {isa = PBXFileReference; explicitFileType = wrapper.application; includeInIndex = 0; path = SSUTime.app; sourceTree = BUILT_PRODUCTS_DIR; };
		E5CBB73F2EB5E89B00AA5996 /* AppDelegate.swift */ = {isa = PBXFileReference; lastKnownFileType = sourcecode.swift; path = AppDelegate.swift; sourceTree = "<group>"; };
		E5CBB7402EB5E89B00AA5996 /* Assets.xcassets */ = {isa = PBXFileReference; lastKnownFileType = folder.assetcatalog; path = Assets.xcassets; sourceTree = "<group>"; };
		E5CBB7412EB5E89B00AA5996 /* Info.plist */ = {isa = PBXFileReference; lastKnownFileType = text.plist.xml; path = Info.plist; sourceTree = "<group>"; };
		E5CBB7422EB5E89B00AA5996 /* Base */ = {isa = PBXFileReference; lastKnownFileType = file.storyboard; name = Base; path = Base.lproj/LaunchScreen.storyboard; sourceTree = "<group>"; };
		E5CBB7462EB5E89B00AA5996 /* SceneDelegate.swift */ = {isa = PBXFileReference; lastKnownFileType = sourcecode.swift; path = SceneDelegate.swift; sourceTree = "<group>"; };
		E5CBB7472EB5E89B00AA5996 /* ViewController.swift */ = {isa = PBXFileReference; lastKnownFileType = sourcecode.swift; path = ViewController.swift; sourceTree = "<group>"; };
		E5CBB7552EB5EB0E00AA5996 /* UiView+.swift */ = {isa = PBXFileReference; lastKnownFileType = sourcecode.swift; path = "UiView+.swift"; sourceTree = "<group>"; };
/* End PBXFileReference section */

/* Begin PBXFrameworksBuildPhase section */
		E5CBB7242EB5E89000AA5996 /* Frameworks */ = {
			isa = PBXFrameworksBuildPhase;
			buildActionMask = 2147483647;
			files = (
				E5CBB75C2EB5EB8D00AA5996 /* Moya in Frameworks */,
				E5CBB7592EB5EB5D00AA5996 /* SnapKit in Frameworks */,
			);
			runOnlyForDeploymentPostprocessing = 0;
		};
/* End PBXFrameworksBuildPhase section */

/* Begin PBXGroup section */
		E5CBB71E2EB5E89000AA5996 = {
			isa = PBXGroup;
			children = (
				E5CBB7482EB5E89B00AA5996 /* SSUTime */,
				E5CBB7282EB5E89000AA5996 /* Products */,
			);
			sourceTree = "<group>";
		};
		E5CBB7282EB5E89000AA5996 /* Products */ = {
			isa = PBXGroup;
			children = (
				E5CBB7272EB5E89000AA5996 /* SSUTime.app */,
			);
			name = Products;
			sourceTree = "<group>";
		};
		E5CBB7482EB5E89B00AA5996 /* SSUTime */ = {
			isa = PBXGroup;
			children = (
				E5CBB7512EB5EA6500AA5996 /* Application */,
				E5CBB7502EB5EA5700AA5996 /* Features */,
				E5CBB7522EB5EACA00AA5996 /* Global */,
				E5CBB7412EB5E89B00AA5996 /* Info.plist */,
			);
			path = SSUTime;
			sourceTree = "<group>";
		};
		E5CBB7502EB5EA5700AA5996 /* Features */ = {
			isa = PBXGroup;
			children = (
				E5CBB7472EB5E89B00AA5996 /* ViewController.swift */,
			);
			path = Features;
			sourceTree = "<group>";
		};
		E5CBB7512EB5EA6500AA5996 /* Application */ = {
			isa = PBXGroup;
			children = (
				E5CBB7462EB5E89B00AA5996 /* SceneDelegate.swift */,
				E5CBB73F2EB5E89B00AA5996 /* AppDelegate.swift */,
				E5CBB7432EB5E89B00AA5996 /* LaunchScreen.storyboard */,
			);
			path = Application;
			sourceTree = "<group>";
		};
		E5CBB7522EB5EACA00AA5996 /* Global */ = {
			isa = PBXGroup;
			children = (
				E5CBB7542EB5EAE600AA5996 /* Extensions */,
				E5CBB7532EB5EAD700AA5996 /* Resources */,
			);
			path = Global;
			sourceTree = "<group>";
		};
		E5CBB7532EB5EAD700AA5996 /* Resources */ = {
			isa = PBXGroup;
			children = (
				E5CBB7402EB5E89B00AA5996 /* Assets.xcassets */,
			);
			path = Resources;
			sourceTree = "<group>";
		};
		E5CBB7542EB5EAE600AA5996 /* Extensions */ = {
			isa = PBXGroup;
			children = (
				E5CBB7552EB5EB0E00AA5996 /* UiView+.swift */,
			);
			path = Extensions;
			sourceTree = "<group>";
		};
/* End PBXGroup section */

/* Begin PBXNativeTarget section */
		E5CBB7262EB5E89000AA5996 /* SSUTime */ = {
			isa = PBXNativeTarget;
			buildConfigurationList = E5CBB73A2EB5E89200AA5996 /* Build configuration list for PBXNativeTarget "SSUTime" */;
			buildPhases = (
				E5CBB7232EB5E89000AA5996 /* Sources */,
				E5CBB7242EB5E89000AA5996 /* Frameworks */,
				E5CBB7252EB5E89000AA5996 /* Resources */,
			);
			buildRules = (
			);
			dependencies = (
			);
			name = SSUTime;
			packageProductDependencies = (
				E5CBB7582EB5EB5D00AA5996 /* SnapKit */,
				E5CBB75B2EB5EB8D00AA5996 /* Moya */,
			);
			productName = SSUTime;
			productReference = E5CBB7272EB5E89000AA5996 /* SSUTime.app */;
			productType = "com.apple.product-type.application";
		};
/* End PBXNativeTarget section */

/* Begin PBXProject section */
		E5CBB71F2EB5E89000AA5996 /* Project object */ = {
			isa = PBXProject;
			attributes = {
				BuildIndependentTargetsInParallel = 1;
				LastSwiftUpdateCheck = 2600;
				LastUpgradeCheck = 2600;
				TargetAttributes = {
					E5CBB7262EB5E89000AA5996 = {
						CreatedOnToolsVersion = 26.0.1;
					};
				};
			};
			buildConfigurationList = E5CBB7222EB5E89000AA5996 /* Build configuration list for PBXProject "SSUTime" */;
			developmentRegion = en;
			hasScannedForEncodings = 0;
			knownRegions = (
				en,
				Base,
			);
			mainGroup = E5CBB71E2EB5E89000AA5996;
			minimizedProjectReferenceProxies = 1;
			packageReferences = (
				E5CBB7572EB5EB5D00AA5996 /* XCRemoteSwiftPackageReference "SnapKit" */,
				E5CBB75A2EB5EB8D00AA5996 /* XCRemoteSwiftPackageReference "Moya" */,
			);
			preferredProjectObjectVersion = 77;
			productRefGroup = E5CBB7282EB5E89000AA5996 /* Products */;
			projectDirPath = "";
			projectRoot = "";
			targets = (
				E5CBB7262EB5E89000AA5996 /* SSUTime */,
			);
		};
/* End PBXProject section */

/* Begin PBXResourcesBuildPhase section */
		E5CBB7252EB5E89000AA5996 /* Resources */ = {
			isa = PBXResourcesBuildPhase;
			buildActionMask = 2147483647;
			files = (
				E5CBB74C2EB5E89B00AA5996 /* Assets.xcassets in Resources */,
				E5CBB74E2EB5E89B00AA5996 /* LaunchScreen.storyboard in Resources */,
			);
			runOnlyForDeploymentPostprocessing = 0;
		};
/* End PBXResourcesBuildPhase section */

/* Begin PBXSourcesBuildPhase section */
		E5CBB7232EB5E89000AA5996 /* Sources */ = {
			isa = PBXSourcesBuildPhase;
			buildActionMask = 2147483647;
			files = (
				E5CBB7492EB5E89B00AA5996 /* AppDelegate.swift in Sources */,
				E5CBB7562EB5EB0E00AA5996 /* UiView+.swift in Sources */,
				E5CBB74A2EB5E89B00AA5996 /* SceneDelegate.swift in Sources */,
				E5CBB74B2EB5E89B00AA5996 /* ViewController.swift in Sources */,
			);
			runOnlyForDeploymentPostprocessing = 0;
		};
/* End PBXSourcesBuildPhase section */

/* Begin PBXVariantGroup section */
		E5CBB7432EB5E89B00AA5996 /* LaunchScreen.storyboard */ = {
			isa = PBXVariantGroup;
			children = (
				E5CBB7422EB5E89B00AA5996 /* Base */,
			);
			name = LaunchScreen.storyboard;
			sourceTree = "<group>";
		};
/* End PBXVariantGroup section */

/* Begin XCBuildConfiguration section */
		E5CBB73B2EB5E89200AA5996 /* Debug */ = {
			isa = XCBuildConfiguration;
			buildSettings = {
				ASSETCATALOG_COMPILER_APPICON_NAME = AppIcon;
				ASSETCATALOG_COMPILER_GLOBAL_ACCENT_COLOR_NAME = AccentColor;
				CODE_SIGN_STYLE = Automatic;
				CURRENT_PROJECT_VERSION = 1;
				GENERATE_INFOPLIST_FILE = YES;
				INFOPLIST_FILE = SSUTime/Info.plist;
				INFOPLIST_KEY_UIApplicationSupportsIndirectInputEvents = YES;
				INFOPLIST_KEY_UILaunchStoryboardName = LaunchScreen;
				INFOPLIST_KEY_UISupportedInterfaceOrientations_iPad = "UIInterfaceOrientationPortrait UIInterfaceOrientationPortraitUpsideDown UIInterfaceOrientationLandscapeLeft UIInterfaceOrientationLandscapeRight";
				INFOPLIST_KEY_UISupportedInterfaceOrientations_iPhone = "UIInterfaceOrientationPortrait UIInterfaceOrientationLandscapeLeft UIInterfaceOrientationLandscapeRight";
				LD_RUNPATH_SEARCH_PATHS = (
					"$(inherited)",
					"@executable_path/Frameworks",
				);
				MARKETING_VERSION = 1.0;
				PRODUCT_BUNDLE_IDENTIFIER = com.ssutime.SSUTime;
				PRODUCT_NAME = "$(TARGET_NAME)";
				STRING_CATALOG_GENERATE_SYMBOLS = YES;
				SWIFT_APPROACHABLE_CONCURRENCY = YES;
				SWIFT_DEFAULT_ACTOR_ISOLATION = MainActor;
				SWIFT_EMIT_LOC_STRINGS = YES;
				SWIFT_UPCOMING_FEATURE_MEMBER_IMPORT_VISIBILITY = YES;
				SWIFT_VERSION = 5.0;
				TARGETED_DEVICE_FAMILY = "1,2";
			};
			name = Debug;
		};
		E5CBB73C2EB5E89200AA5996 /* Release */ = {
			isa = XCBuildConfiguration;
			buildSettings = {
				ASSETCATALOG_COMPILER_APPICON_NAME = AppIcon;
				ASSETCATALOG_COMPILER_GLOBAL_ACCENT_COLOR_NAME = AccentColor;
				CODE_SIGN_STYLE = Automatic;
				CURRENT_PROJECT_VERSION = 1;
				GENERATE_INFOPLIST_FILE = YES;
				INFOPLIST_FILE = SSUTime/Info.plist;
				INFOPLIST_KEY_UIApplicationSupportsIndirectInputEvents = YES;
				INFOPLIST_KEY_UILaunchStoryboardName = LaunchScreen;
				INFOPLIST_KEY_UISupportedInterfaceOrientations_iPad = "UIInterfaceOrientationPortrait UIInterfaceOrientationPortraitUpsideDown UIInterfaceOrientationLandscapeLeft UIInterfaceOrientationLandscapeRight";
				INFOPLIST_KEY_UISupportedInterfaceOrientations_iPhone = "UIInterfaceOrientationPortrait UIInterfaceOrientationLandscapeLeft UIInterfaceOrientationLandscapeRight";
				LD_RUNPATH_SEARCH_PATHS = (
					"$(inherited)",
					"@executable_path/Frameworks",
				);
				MARKETING_VERSION = 1.0;
				PRODUCT_BUNDLE_IDENTIFIER = com.ssutime.SSUTime;
				PRODUCT_NAME = "$(TARGET_NAME)";
				STRING_CATALOG_GENERATE_SYMBOLS = YES;
				SWIFT_APPROACHABLE_CONCURRENCY = YES;
				SWIFT_DEFAULT_ACTOR_ISOLATION = MainActor;
				SWIFT_EMIT_LOC_STRINGS = YES;
				SWIFT_UPCOMING_FEATURE_MEMBER_IMPORT_VISIBILITY = YES;
				SWIFT_VERSION = 5.0;
				TARGETED_DEVICE_FAMILY = "1,2";
			};
			name = Release;
		};
		E5CBB73D2EB5E89200AA5996 /* Debug */ = {
			isa = XCBuildConfiguration;
			buildSettings = {
				ALWAYS_SEARCH_USER_PATHS = NO;
				ASSETCATALOG_COMPILER_GENERATE_SWIFT_ASSET_SYMBOL_EXTENSIONS = YES;
				CLANG_ANALYZER_NONNULL = YES;
				CLANG_ANALYZER_NUMBER_OBJECT_CONVERSION = YES_AGGRESSIVE;
				CLANG_CXX_LANGUAGE_STANDARD = "gnu++20";
				CLANG_ENABLE_MODULES = YES;
				CLANG_ENABLE_OBJC_ARC = YES;
				CLANG_ENABLE_OBJC_WEAK = YES;
				CLANG_WARN_BLOCK_CAPTURE_AUTORELEASING = YES;
				CLANG_WARN_BOOL_CONVERSION = YES;
				CLANG_WARN_COMMA = YES;
				CLANG_WARN_CONSTANT_CONVERSION = YES;
				CLANG_WARN_DEPRECATED_OBJC_IMPLEMENTATIONS = YES;
				CLANG_WARN_DIRECT_OBJC_ISA_USAGE = YES_ERROR;
				CLANG_WARN_DOCUMENTATION_COMMENTS = YES;
				CLANG_WARN_EMPTY_BODY = YES;
				CLANG_WARN_ENUM_CONVERSION = YES;
				CLANG_WARN_INFINITE_RECURSION = YES;
				CLANG_WARN_INT_CONVERSION = YES;
				CLANG_WARN_NON_LITERAL_NULL_CONVERSION = YES;
				CLANG_WARN_OBJC_IMPLICIT_RETAIN_SELF = YES;
				CLANG_WARN_OBJC_LITERAL_CONVERSION = YES;
				CLANG_WARN_OBJC_ROOT_CLASS = YES_ERROR;
				CLANG_WARN_QUOTED_INCLUDE_IN_FRAMEWORK_HEADER = YES;
				CLANG_WARN_RANGE_LOOP_ANALYSIS = YES;
				CLANG_WARN_STRICT_PROTOTYPES = YES;
				CLANG_WARN_SUSPICIOUS_MOVE = YES;
				CLANG_WARN_UNGUARDED_AVAILABILITY = YES_AGGRESSIVE;
				CLANG_WARN_UNREACHABLE_CODE = YES;
				CLANG_WARN__DUPLICATE_METHOD_MATCH = YES;
				COPY_PHASE_STRIP = NO;
				DEBUG_INFORMATION_FORMAT = dwarf;
				ENABLE_STRICT_OBJC_MSGSEND = YES;
				ENABLE_TESTABILITY = YES;
				ENABLE_USER_SCRIPT_SANDBOXING = YES;
				GCC_C_LANGUAGE_STANDARD = gnu17;
				GCC_DYNAMIC_NO_PIC = NO;
				GCC_NO_COMMON_BLOCKS = YES;
				GCC_OPTIMIZATION_LEVEL = 0;
				GCC_PREPROCESSOR_DEFINITIONS = (
					"DEBUG=1",
					"$(inherited)",
				);
				GCC_WARN_64_TO_32_BIT_CONVERSION = YES;
				GCC_WARN_ABOUT_RETURN_TYPE = YES_ERROR;
				GCC_WARN_UNDECLARED_SELECTOR = YES;
				GCC_WARN_UNINITIALIZED_AUTOS = YES_AGGRESSIVE;
				GCC_WARN_UNUSED_FUNCTION = YES;
				GCC_WARN_UNUSED_VARIABLE = YES;
				IPHONEOS_DEPLOYMENT_TARGET = 26.0;
				LOCALIZATION_PREFERS_STRING_CATALOGS = YES;
				MTL_ENABLE_DEBUG_INFO = INCLUDE_SOURCE;
				MTL_FAST_MATH = YES;
				ONLY_ACTIVE_ARCH = YES;
				SDKROOT = iphoneos;
				SWIFT_ACTIVE_COMPILATION_CONDITIONS = "DEBUG $(inherited)";
				SWIFT_OPTIMIZATION_LEVEL = "-Onone";
			};
			name = Debug;
		};
		E5CBB73E2EB5E89200AA5996 /* Release */ = {
			isa = XCBuildConfiguration;
			buildSettings = {
				ALWAYS_SEARCH_USER_PATHS = NO;
				ASSETCATALOG_COMPILER_GENERATE_SWIFT_ASSET_SYMBOL_EXTENSIONS = YES;
				CLANG_ANALYZER_NONNULL = YES;
				CLANG_ANALYZER_NUMBER_OBJECT_CONVERSION = YES_AGGRESSIVE;
				CLANG_CXX_LANGUAGE_STANDARD = "gnu++20";
				CLANG_ENABLE_MODULES = YES;
				CLANG_ENABLE_OBJC_ARC = YES;
				CLANG_ENABLE_OBJC_WEAK = YES;
				CLANG_WARN_BLOCK_CAPTURE_AUTORELEASING = YES;
				CLANG_WARN_BOOL_CONVERSION = YES;
				CLANG_WARN_COMMA = YES;
				CLANG_WARN_CONSTANT_CONVERSION = YES;
				CLANG_WARN_DEPRECATED_OBJC_IMPLEMENTATIONS = YES;
				CLANG_WARN_DIRECT_OBJC_ISA_USAGE = YES_ERROR;
				CLANG_WARN_DOCUMENTATION_COMMENTS = YES;
				CLANG_WARN_EMPTY_BODY = YES;
				CLANG_WARN_ENUM_CONVERSION = YES;
				CLANG_WARN_INFINITE_RECURSION = YES;
				CLANG_WARN_INT_CONVERSION = YES;
				CLANG_WARN_NON_LITERAL_NULL_CONVERSION = YES;
				CLANG_WARN_OBJC_IMPLICIT_RETAIN_SELF = YES;
				CLANG_WARN_OBJC_LITERAL_CONVERSION = YES;
				CLANG_WARN_OBJC_ROOT_CLASS = YES_ERROR;
				CLANG_WARN_QUOTED_INCLUDE_IN_FRAMEWORK_HEADER = YES;
				CLANG_WARN_RANGE_LOOP_ANALYSIS = YES;
				CLANG_WARN_STRICT_PROTOTYPES = YES;
				CLANG_WARN_SUSPICIOUS_MOVE = YES;
				CLANG_WARN_UNGUARDED_AVAILABILITY = YES_AGGRESSIVE;
				CLANG_WARN_UNREACHABLE_CODE = YES;
				CLANG_WARN__DUPLICATE_METHOD_MATCH = YES;
				COPY_PHASE_STRIP = NO;
				DEBUG_INFORMATION_FORMAT = "dwarf-with-dsym";
				ENABLE_NS_ASSERTIONS = NO;
				ENABLE_STRICT_OBJC_MSGSEND = YES;
				ENABLE_USER_SCRIPT_SANDBOXING = YES;
				GCC_C_LANGUAGE_STANDARD = gnu17;
				GCC_NO_COMMON_BLOCKS = YES;
				GCC_WARN_64_TO_32_BIT_CONVERSION = YES;
				GCC_WARN_ABOUT_RETURN_TYPE = YES_ERROR;
				GCC_WARN_UNDECLARED_SELECTOR = YES;
				GCC_WARN_UNINITIALIZED_AUTOS = YES_AGGRESSIVE;
				GCC_WARN_UNUSED_FUNCTION = YES;
				GCC_WARN_UNUSED_VARIABLE = YES;
				IPHONEOS_DEPLOYMENT_TARGET = 26.0;
				LOCALIZATION_PREFERS_STRING_CATALOGS = YES;
				MTL_ENABLE_DEBUG_INFO = NO;
				MTL_FAST_MATH = YES;
				SDKROOT = iphoneos;
				SWIFT_COMPILATION_MODE = wholemodule;
				VALIDATE_PRODUCT = YES;
			};
			name = Release;
		};
/* End XCBuildConfiguration section */

/* Begin XCConfigurationList section */
		E5CBB7222EB5E89000AA5996 /* Build configuration list for PBXProject "SSUTime" */ = {
			isa = XCConfigurationList;
			buildConfigurations = (
				E5CBB73D2EB5E89200AA5996 /* Debug */,
				E5CBB73E2EB5E89200AA5996 /* Release */,
			);
			defaultConfigurationIsVisible = 0;
			defaultConfigurationName = Release;
		};
		E5CBB73A2EB5E89200AA5996 /* Build configuration list for PBXNativeTarget "SSUTime" */ = {
			isa = XCConfigurationList;
			buildConfigurations = (
				E5CBB73B2EB5E89200AA5996 /* Debug */,
				E5CBB73C2EB5E89200AA5996 /* Release */,
			);
			defaultConfigurationIsVisible = 0;
			defaultConfigurationName = Release;
		};
/* End XCConfigurationList section */

/* Begin XCRemoteSwiftPackageReference section */
		E5CBB7572EB5EB5D00AA5996 /* XCRemoteSwiftPackageReference "SnapKit" */ = {
			isa = XCRemoteSwiftPackageReference;
			repositoryURL = "https://github.com/SnapKit/SnapKit";
			requirement = {
				kind = upToNextMajorVersion;
				minimumVersion = 5.7.1;
			};
		};
		E5CBB75A2EB5EB8D00AA5996 /* XCRemoteSwiftPackageReference "Moya" */ = {
			isa = XCRemoteSwiftPackageReference;
			repositoryURL = "https://github.com/Moya/Moya";
			requirement = {
				kind = upToNextMajorVersion;
				minimumVersion = 15.0.3;
			};
		};
/* End XCRemoteSwiftPackageReference section */

/* Begin XCSwiftPackageProductDependency section */
		E5CBB7582EB5EB5D00AA5996 /* SnapKit */ = {
			isa = XCSwiftPackageProductDependency;
			package = E5CBB7572EB5EB5D00AA5996 /* XCRemoteSwiftPackageReference "SnapKit" */;
			productName = SnapKit;
		};
		E5CBB75B2EB5EB8D00AA5996 /* Moya */ = {
			isa = XCSwiftPackageProductDependency;
			package = E5CBB75A2EB5EB8D00AA5996 /* XCRemoteSwiftPackageReference "Moya" */;
			productName = Moya;
		};
/* End XCSwiftPackageProductDependency section */
	};
	rootObject = E5CBB71F2EB5E89000AA5996 /* Project object */;
}
